{
  "name": "MMM-EventCountdown",
  "version": "2.0.0",
  "lockfileVersion": 3,
  "requires": true,
  "packages": {
    "": {
      "name": "MMM-EventCountdown",
      "version": "2.0.0",
      "license": "MIT",
      "dependencies": {
        "node-ical": "^0.26.1"
      }
    },
    "node_modules/@js-temporal/polyfill": {
      "version": "0.5.1",
      "resolved": "https://registry.npmjs.org/@js-temporal/polyfill/-/polyfill-0.5.1.tgz",
      "integrity": "sha512-hloP58zRVCRSpgDxmqCWJNlizAlUgJFqG2ypq79DCvyv9tHjRYMDOcPFjzfl/A1/YxDvRCZz8wvZvmapQnKwFQ==",
      "license": "ISC",
      "dependencies": {
        "jsbi": "^4.3.0"
      },
      "engines": {
        "node": ">=12"
      }
    },
    "node_modules/jsbi": {
      "version": "4.3.2",
      "resolved": "https://registry.npmjs.org/jsbi/-/jsbi-4.3.2.tgz",
      "integrity": "sha512-9fqMSQbhJykSeii05nxKl4m6Eqn2P6rOlYiS+C5Dr/HPIU/7yZxu5qzbs40tgaFORiw2Amd0mirjxatXYMkIew==",
      "license": "Apache-2.0"
    },
    "node_modules/node-ical": {
      "version": "0.26.1",
      "resolved": "https://registry.npmjs.org/node-ical/-/node-ical-0.26.1.tgz",
      "integrity": "sha512-KoYLpsz7Ga9lPDpt9vy0iKcgcb/9Ix7ICRZd0csLXMl2lZOSONGj7HrcktJFR7Jid1l44Zu1H4k/1nB04rWPgQ==",
      "license": "Apache-2.0",
      "dependencies": {
        "rrule-temporal": "^1.5.3",
        "temporal-polyfill": "^0.3.2"
      },
      "engines": {
        "node": ">=20"
      }
    },
    "node_modules/rrule-temporal": {
      "version": "1.5.3",
      "resolved": "https://registry.npmjs.org/rrule-temporal/-/rrule-temporal-1.5.3.tgz",
      "integrity": "sha512-qALnXyu4MKNUeykkkO0r6Xxl5or3rM8Cf6ibKIe/29sgmq3tGm1oNq4G1Ddp8Ku3mnKmvC3+3yFAJ3OgOu6OJw==",
      "license": "MIT",
      "dependencies": {
        "@js-temporal/polyfill": "^0.5.1"
      }
    },
    "node_modules/temporal-polyfill": {
      "version": "0.3.2",
      "resolved": "https://registry.npmjs.org/temporal-polyfill/-/temporal-polyfill-0.3.2.tgz",
      "integrity": "sha512-TzHthD/heRK947GNiSu3Y5gSPpeUDH34+LESnfsq8bqpFhsB79HFBX8+Z834IVX68P3EUyRPZK5bL/1fh437Eg==",
      "license": "MIT",
      "dependencies": {
        "temporal-spec": "0.3.1"
      }
    },
    "node_modules/temporal-spec": {
      "version": "0.3.1",
      "resolved": "https://registry.npmjs.org/temporal-spec/-/temporal-spec-0.3.1.tgz",
      "integrity": "sha512-B4TUhezh9knfSIMwt7RVggApDRJZo73uZdj8AacL2mZ8RP5KtLianh2MXxL06GN9ESYiIsiuoLQhgVfwe55Yhw==",
      "license": "ISC"
    }
  }
}
